
Microsoft Visual Studio Solution File, Format Version 12.00
# Visual Studio 14
VisualStudioVersion = 14.0.25420.1
MinimumVisualStudioVersion = 10.0.40219.1
Project("{FAE04EC0-301F-11D3-BF4B-00C04F79EFBC}") = "ArithmeticCalculatorNReco", "ArithmeticCalculatorNReco\ArithmeticCalculatorNReco.csproj", "{8E66BBCD-B05B-4488-87EE-2970DC106BA2}"
EndProject
Project("{FAE04EC0-301F-11D3-BF4B-00C04F79EFBC}") = "ArithmeticCalculatorNRecoUnitTestProject", "ArithmeticCalculatorNRecoUnitTestProject\ArithmeticCalculatorNRecoUnitTestProject.csproj", "{1753D385-32CC-4DB9-A5E9-EF87D887FF19}"
EndProject
Global
	GlobalSection(SolutionConfigurationPlatforms) = preSolution
		Debug|Any CPU = Debug|Any CPU
		Release|Any CPU = Release|Any CPU
	EndGlobalSection
	GlobalSection(ProjectConfigurationPlatforms) = postSolution
		{8E66BBCD-B05B-4488-87EE-2970DC106BA2}.Debug|Any CPU.ActiveCfg = Debug|Any CPU
		{8E66BBCD-B05B-4488-87EE-2970DC106BA2}.Debug|Any CPU.Build.0 = Debug|Any CPU
		{8E66BBCD-B05B-4488-87EE-2970DC106BA2}.Release|Any CPU.ActiveCfg = Release|Any CPU
		{8E66BBCD-B05B-4488-87EE-2970DC106BA2}.Release|Any CPU.Build.0 = Release|Any CPU
		{1753D385-32CC-4DB9-A5E9-EF87D887FF19}.Debug|Any CPU.ActiveCfg = Debug|Any CPU
		{1753D385-32CC-4DB9-A5E9-EF87D887FF19}.Debug|Any CPU.Build.0 = Debug|Any CPU
		{1753D385-32CC-4DB9-A5E9-EF87D887FF19}.Release|Any CPU.ActiveCfg = Release|Any CPU
		{1753D385-32CC-4DB9-A5E9-EF87D887FF19}.Release|Any CPU.Build.0 = Release|Any CPU
	EndGlobalSection
	GlobalSection(SolutionProperties) = preSolution
		HideSolutionNode = FALSE
	EndGlobalSection
EndGlobal
